
Microsoft Visual Studio Solution File, Format Version 12.00
# Visual Studio Version 17
VisualStudioVersion = 17.6.33801.468
MinimumVisualStudioVersion = 10.0.40219.1
Project("{FAE04EC0-301F-11D3-BF4B-00C04F79EFBC}") = "ConsoleApp2Lec1", "ConsoleApp2Lec1\ConsoleApp2Lec1.csproj", "{C0CAB87C-A0ED-4497-BE54-75A0162B8FEF}"
EndProject
Project("{FAE04EC0-301F-11D3-BF4B-00C04F79EFBC}") = "ClassLibraryForAccessModi", "ClassLibraryForAccessModi\ClassLibraryForAccessModi.csproj", "{ECEAE05F-F54B-41A0-8696-5F9EF53AF8DB}"
EndProject
Global
	GlobalSection(SolutionConfigurationPlatforms) = preSolution
		Debug|Any CPU = Debug|Any CPU
		Release|Any CPU = Release|Any CPU
	EndGlobalSection
	GlobalSection(ProjectConfigurationPlatforms) = postSolution
		{C0CAB87C-A0ED-4497-BE54-75A0162B8FEF}.Debug|Any CPU.ActiveCfg = Debug|Any CPU
		{C0CAB87C-A0ED-4497-BE54-75A0162B8FEF}.Debug|Any CPU.Build.0 = Debug|Any CPU
		{C0CAB87C-A0ED-4497-BE54-75A0162B8FEF}.Release|Any CPU.ActiveCfg = Release|Any CPU
		{C0CAB87C-A0ED-4497-BE54-75A0162B8FEF}.Release|Any CPU.Build.0 = Release|Any CPU
		{ECEAE05F-F54B-41A0-8696-5F9EF53AF8DB}.Debug|Any CPU.ActiveCfg = Debug|Any CPU
		{ECEAE05F-F54B-41A0-8696-5F9EF53AF8DB}.Debug|Any CPU.Build.0 = Debug|Any CPU
		{ECEAE05F-F54B-41A0-8696-5F9EF53AF8DB}.Release|Any CPU.ActiveCfg = Release|Any CPU
		{ECEAE05F-F54B-41A0-8696-5F9EF53AF8DB}.Release|Any CPU.Build.0 = Release|Any CPU
	EndGlobalSection
	GlobalSection(SolutionProperties) = preSolution
		HideSolutionNode = FALSE
	EndGlobalSection
	GlobalSection(ExtensibilityGlobals) = postSolution
		SolutionGuid = {526357D5-3118-465A-B29C-2942A483216C}
	EndGlobalSection
EndGlobal
